// !$*UTF8*$!
{
	archiveVersion = 1;
	classes = {
	};
	objectVersion = 56;
	objects = {

/* Begin PBXBuildFile section */
		CB8B3236296C3ADC00C48A9A /* CollectionCell.swift in Sources */ = {isa = PBXBuildFile; fileRef = CB8B3232296C3ADC00C48A9A /* CollectionCell.swift */; };
		CB8B3237296C3ADC00C48A9A /* CollectionCell.xib in Resources */ = {isa = PBXBuildFile; fileRef = CB8B3233296C3ADC00C48A9A /* CollectionCell.xib */; };
		CB8B3238296C3ADC00C48A9A /* CollectionViewController.xib in Resources */ = {isa = PBXBuildFile; fileRef = CB8B3234296C3ADC00C48A9A /* CollectionViewController.xib */; };
		CB8B3239296C3ADC00C48A9A /* CollectionViewController.swift in Sources */ = {isa = PBXBuildFile; fileRef = CB8B3235296C3ADC00C48A9A /* CollectionViewController.swift */; };
		CB8B323D296C407400C48A9A /* UserViewController.swift in Sources */ = {isa = PBXBuildFile; fileRef = CB8B323B296C407400C48A9A /* UserViewController.swift */; };
		CB8B323E296C407400C48A9A /* UserViewController.xib in Resources */ = {isa = PBXBuildFile; fileRef = CB8B323C296C407400C48A9A /* UserViewController.xib */; };
		CBCA10CE29699FA500B174DA /* AppDelegate.swift in Sources */ = {isa = PBXBuildFile; fileRef = CBCA10CD29699FA500B174DA /* AppDelegate.swift */; };
		CBCA10D029699FA500B174DA /* SceneDelegate.swift in Sources */ = {isa = PBXBuildFile; fileRef = CBCA10CF29699FA500B174DA /* SceneDelegate.swift */; };
		CBCA10D729699FA600B174DA /* Assets.xcassets in Resources */ = {isa = PBXBuildFile; fileRef = CBCA10D629699FA600B174DA /* Assets.xcassets */; };
		CBCA10DA29699FA600B174DA /* LaunchScreen.storyboard in Resources */ = {isa = PBXBuildFile; fileRef = CBCA10D829699FA600B174DA /* LaunchScreen.storyboard */; };
		CBCA10E529699FA600B174DA /* practica_fundamentos_ios_dbzTests.swift in Sources */ = {isa = PBXBuildFile; fileRef = CBCA10E429699FA600B174DA /* practica_fundamentos_ios_dbzTests.swift */; };
		CBCA10EF29699FA600B174DA /* practica_fundamentos_ios_dbzUITests.swift in Sources */ = {isa = PBXBuildFile; fileRef = CBCA10EE29699FA600B174DA /* practica_fundamentos_ios_dbzUITests.swift */; };
		CBCA10F129699FA600B174DA /* practica_fundamentos_ios_dbzUITestsLaunchTests.swift in Sources */ = {isa = PBXBuildFile; fileRef = CBCA10F029699FA600B174DA /* practica_fundamentos_ios_dbzUITestsLaunchTests.swift */; };
		CBCA11022969A11E00B174DA /* LoginViewController.swift in Sources */ = {isa = PBXBuildFile; fileRef = CBCA11002969A11E00B174DA /* LoginViewController.swift */; };
		CBCA11032969A11E00B174DA /* LoginViewController.xib in Resources */ = {isa = PBXBuildFile; fileRef = CBCA11012969A11E00B174DA /* LoginViewController.xib */; };
		CBCA1107296C2F7F00B174DA /* NetworkLayer.swift in Sources */ = {isa = PBXBuildFile; fileRef = CBCA1106296C2F7F00B174DA /* NetworkLayer.swift */; };
		CBCA1109296C329000B174DA /* Heroe.swift in Sources */ = {isa = PBXBuildFile; fileRef = CBCA1108296C329000B174DA /* Heroe.swift */; };
		CBCA110B296C32C200B174DA /* Transformation.swift in Sources */ = {isa = PBXBuildFile; fileRef = CBCA110A296C32C200B174DA /* Transformation.swift */; };
		CBCA110F296C37F300B174DA /* LocalDataLayer.swift in Sources */ = {isa = PBXBuildFile; fileRef = CBCA110E296C37F300B174DA /* LocalDataLayer.swift */; };
		CBCA1115296C384100B174DA /* DetailsViewController.xib in Resources */ = {isa = PBXBuildFile; fileRef = CBCA1113296C384100B174DA /* DetailsViewController.xib */; };
		CBCA1116296C384100B174DA /* DetailsViewController.swift in Sources */ = {isa = PBXBuildFile; fileRef = CBCA1114296C384100B174DA /* DetailsViewController.swift */; };
		CBCA1122296C386400B174DA /* TableCell.xib in Resources */ = {isa = PBXBuildFile; fileRef = CBCA1119296C386400B174DA /* TableCell.xib */; };
		CBCA1123296C386400B174DA /* TableCell.swift in Sources */ = {isa = PBXBuildFile; fileRef = CBCA111A296C386400B174DA /* TableCell.swift */; };
		CBCA1124296C386400B174DA /* TableViewController.swift in Sources */ = {isa = PBXBuildFile; fileRef = CBCA111B296C386400B174DA /* TableViewController.swift */; };
		CBCA1125296C386400B174DA /* TableViewController.xib in Resources */ = {isa = PBXBuildFile; fileRef = CBCA111C296C386400B174DA /* TableViewController.xib */; };
		CBCA1126296C386400B174DA /* HomeTabBarController.swift in Sources */ = {isa = PBXBuildFile; fileRef = CBCA111E296C386400B174DA /* HomeTabBarController.swift */; };
		CBCA1127296C386400B174DA /* TransformsViewController.xib in Resources */ = {isa = PBXBuildFile; fileRef = CBCA1120296C386400B174DA /* TransformsViewController.xib */; };
		CBCA1128296C386400B174DA /* TransformsViewController.swift in Sources */ = {isa = PBXBuildFile; fileRef = CBCA1121296C386400B174DA /* TransformsViewController.swift */; };
		CBCA112B296C389A00B174DA /* HeroeTests.swift in Sources */ = {isa = PBXBuildFile; fileRef = CBCA1129296C389A00B174DA /* HeroeTests.swift */; };
		CBCA112C296C389A00B174DA /* TransformationTests.swift in Sources */ = {isa = PBXBuildFile; fileRef = CBCA112A296C389A00B174DA /* TransformationTests.swift */; };
/* End PBXBuildFile section */

/* Begin PBXContainerItemProxy section */
		CBCA10E129699FA600B174DA /* PBXContainerItemProxy */ = {
			isa = PBXContainerItemProxy;
			containerPortal = CBCA10C229699FA500B174DA /* Project object */;
			proxyType = 1;
			remoteGlobalIDString = CBCA10C929699FA500B174DA;
			remoteInfo = "practica-fundamentos-ios-dbz";
		};
		CBCA10EB29699FA600B174DA /* PBXContainerItemProxy */ = {
			isa = PBXContainerItemProxy;
			containerPortal = CBCA10C229699FA500B174DA /* Project object */;
			proxyType = 1;
			remoteGlobalIDString = CBCA10C929699FA500B174DA;
			remoteInfo = "practica-fundamentos-ios-dbz";
		};
/* End PBXContainerItemProxy section */

/* Begin PBXFileReference section */
		CB8B3232296C3ADC00C48A9A /* CollectionCell.swift */ = {isa = PBXFileReference; fileEncoding = 4; lastKnownFileType = sourcecode.swift; path = CollectionCell.swift; sourceTree = "<group>"; };
		CB8B3233296C3ADC00C48A9A /* CollectionCell.xib */ = {isa = PBXFileReference; fileEncoding = 4; lastKnownFileType = file.xib; path = CollectionCell.xib; sourceTree = "<group>"; };
		CB8B3234296C3ADC00C48A9A /* CollectionViewController.xib */ = {isa = PBXFileReference; fileEncoding = 4; lastKnownFileType = file.xib; path = CollectionViewController.xib; sourceTree = "<group>"; };
		CB8B3235296C3ADC00C48A9A /* CollectionViewController.swift */ = {isa = PBXFileReference; fileEncoding = 4; lastKnownFileType = sourcecode.swift; path = CollectionViewController.swift; sourceTree = "<group>"; };
		CB8B323B296C407400C48A9A /* UserViewController.swift */ = {isa = PBXFileReference; lastKnownFileType = sourcecode.swift; path = UserViewController.swift; sourceTree = "<group>"; };
		CB8B323C296C407400C48A9A /* UserViewController.xib */ = {isa = PBXFileReference; lastKnownFileType = file.xib; path = UserViewController.xib; sourceTree = "<group>"; };
		CBCA10CA29699FA500B174DA /* practica-fundamentos-ios-dbz.app */ = {isa = PBXFileReference; explicitFileType = wrapper.application; includeInIndex = 0; path = "practica-fundamentos-ios-dbz.app"; sourceTree = BUILT_PRODUCTS_DIR; };
		CBCA10CD29699FA500B174DA /* AppDelegate.swift */ = {isa = PBXFileReference; lastKnownFileType = sourcecode.swift; path = AppDelegate.swift; sourceTree = "<group>"; };
		CBCA10CF29699FA500B174DA /* SceneDelegate.swift */ = {isa = PBXFileReference; lastKnownFileType = sourcecode.swift; path = SceneDelegate.swift; sourceTree = "<group>"; };
		CBCA10D629699FA600B174DA /* Assets.xcassets */ = {isa = PBXFileReference; lastKnownFileType = folder.assetcatalog; path = Assets.xcassets; sourceTree = "<group>"; };
		CBCA10D929699FA600B174DA /* Base */ = {isa = PBXFileReference; lastKnownFileType = file.storyboard; name = Base; path = Base.lproj/LaunchScreen.storyboard; sourceTree = "<group>"; };
		CBCA10DB29699FA600B174DA /* Info.plist */ = {isa = PBXFileReference; lastKnownFileType = text.plist.xml; path = Info.plist; sourceTree = "<group>"; };
		CBCA10E029699FA600B174DA /* practica-fundamentos-ios-dbzTests.xctest */ = {isa = PBXFileReference; explicitFileType = wrapper.cfbundle; includeInIndex = 0; path = "practica-fundamentos-ios-dbzTests.xctest"; sourceTree = BUILT_PRODUCTS_DIR; };
		CBCA10E429699FA600B174DA /* practica_fundamentos_ios_dbzTests.swift */ = {isa = PBXFileReference; lastKnownFileType = sourcecode.swift; path = practica_fundamentos_ios_dbzTests.swift; sourceTree = "<group>"; };
		CBCA10EA29699FA600B174DA /* practica-fundamentos-ios-dbzUITests.xctest */ = {isa = PBXFileReference; explicitFileType = wrapper.cfbundle; includeInIndex = 0; path = "practica-fundamentos-ios-dbzUITests.xctest"; sourceTree = BUILT_PRODUCTS_DIR; };
		CBCA10EE29699FA600B174DA /* practica_fundamentos_ios_dbzUITests.swift */ = {isa = PBXFileReference; lastKnownFileType = sourcecode.swift; path = practica_fundamentos_ios_dbzUITests.swift; sourceTree = "<group>"; };
		CBCA10F029699FA600B174DA /* practica_fundamentos_ios_dbzUITestsLaunchTests.swift */ = {isa = PBXFileReference; lastKnownFileType = sourcecode.swift; path = practica_fundamentos_ios_dbzUITestsLaunchTests.swift; sourceTree = "<group>"; };
		CBCA11002969A11E00B174DA /* LoginViewController.swift */ = {isa = PBXFileReference; lastKnownFileType = sourcecode.swift; path = LoginViewController.swift; sourceTree = "<group>"; };
		CBCA11012969A11E00B174DA /* LoginViewController.xib */ = {isa = PBXFileReference; lastKnownFileType = file.xib; path = LoginViewController.xib; sourceTree = "<group>"; };
		CBCA1106296C2F7F00B174DA /* NetworkLayer.swift */ = {isa = PBXFileReference; lastKnownFileType = sourcecode.swift; path = NetworkLayer.swift; sourceTree = "<group>"; };
		CBCA1108296C329000B174DA /* Heroe.swift */ = {isa = PBXFileReference; lastKnownFileType = sourcecode.swift; path = Heroe.swift; sourceTree = "<group>"; };
		CBCA110A296C32C200B174DA /* Transformation.swift */ = {isa = PBXFileReference; lastKnownFileType = sourcecode.swift; path = Transformation.swift; sourceTree = "<group>"; };
		CBCA110E296C37F300B174DA /* LocalDataLayer.swift */ = {isa = PBXFileReference; fileEncoding = 4; lastKnownFileType = sourcecode.swift; name = LocalDataLayer.swift; path = ../../../../ejemplo_clase/pruebaDos/pruebaDos/Managers/LocalDataLayer.swift; sourceTree = "<group>"; };
		CBCA1113296C384100B174DA /* DetailsViewController.xib */ = {isa = PBXFileReference; fileEncoding = 4; lastKnownFileType = file.xib; path = DetailsViewController.xib; sourceTree = "<group>"; };
		CBCA1114296C384100B174DA /* DetailsViewController.swift */ = {isa = PBXFileReference; fileEncoding = 4; lastKnownFileType = sourcecode.swift; path = DetailsViewController.swift; sourceTree = "<group>"; };
		CBCA1119296C386400B174DA /* TableCell.xib */ = {isa = PBXFileReference; fileEncoding = 4; lastKnownFileType = file.xib; path = TableCell.xib; sourceTree = "<group>"; };
		CBCA111A296C386400B174DA /* TableCell.swift */ = {isa = PBXFileReference; fileEncoding = 4; lastKnownFileType = sourcecode.swift; path = TableCell.swift; sourceTree = "<group>"; };
		CBCA111B296C386400B174DA /* TableViewController.swift */ = {isa = PBXFileReference; fileEncoding = 4; lastKnownFileType = sourcecode.swift; path = TableViewController.swift; sourceTree = "<group>"; };
		CBCA111C296C386400B174DA /* TableViewController.xib */ = {isa = PBXFileReference; fileEncoding = 4; lastKnownFileType = file.xib; path = TableViewController.xib; sourceTree = "<group>"; };
		CBCA111E296C386400B174DA /* HomeTabBarController.swift */ = {isa = PBXFileReference; fileEncoding = 4; lastKnownFileType = sourcecode.swift; path = HomeTabBarController.swift; sourceTree = "<group>"; };
		CBCA1120296C386400B174DA /* TransformsViewController.xib */ = {isa = PBXFileReference; fileEncoding = 4; lastKnownFileType = file.xib; path = TransformsViewController.xib; sourceTree = "<group>"; };
		CBCA1121296C386400B174DA /* TransformsViewController.swift */ = {isa = PBXFileReference; fileEncoding = 4; lastKnownFileType = sourcecode.swift; path = TransformsViewController.swift; sourceTree = "<group>"; };
		CBCA1129296C389A00B174DA /* HeroeTests.swift */ = {isa = PBXFileReference; fileEncoding = 4; lastKnownFileType = sourcecode.swift; name = HeroeTests.swift; path = ../../../ejemplo_clase/pruebaDos/pruebaDosTests/HeroeTests.swift; sourceTree = "<group>"; };
		CBCA112A296C389A00B174DA /* TransformationTests.swift */ = {isa = PBXFileReference; fileEncoding = 4; lastKnownFileType = sourcecode.swift; name = TransformationTests.swift; path = ../../../ejemplo_clase/pruebaDos/pruebaDosTests/TransformationTests.swift; sourceTree = "<group>"; };
/* End PBXFileReference section */

/* Begin PBXFrameworksBuildPhase section */
		CBCA10C729699FA500B174DA /* Frameworks */ = {
			isa = PBXFrameworksBuildPhase;
			buildActionMask = 2147483647;
			files = (
			);
			runOnlyForDeploymentPostprocessing = 0;
		};
		CBCA10DD29699FA600B174DA /* Frameworks */ = {
			isa = PBXFrameworksBuildPhase;
			buildActionMask = 2147483647;
			files = (
			);
			runOnlyForDeploymentPostprocessing = 0;
		};
		CBCA10E729699FA600B174DA /* Frameworks */ = {
			isa = PBXFrameworksBuildPhase;
			buildActionMask = 2147483647;
			files = (
			);
			runOnlyForDeploymentPostprocessing = 0;
		};
/* End PBXFrameworksBuildPhase section */

/* Begin PBXGroup section */
		CB8B3230296C3ADC00C48A9A /* CollectionView */ = {
			isa = PBXGroup;
			children = (
				CB8B3231296C3ADC00C48A9A /* CollectionCell */,
				CB8B3234296C3ADC00C48A9A /* CollectionViewController.xib */,
				CB8B3235296C3ADC00C48A9A /* CollectionViewController.swift */,
			);
			name = CollectionView;
			path = ../../../../ejemplo_clase/pruebaDos/pruebaDos/UI/CollectionView;
			sourceTree = "<group>";
		};
		CB8B3231296C3ADC00C48A9A /* CollectionCell */ = {
			isa = PBXGroup;
			children = (
				CB8B3232296C3ADC00C48A9A /* CollectionCell.swift */,
				CB8B3233296C3ADC00C48A9A /* CollectionCell.xib */,
			);
			path = CollectionCell;
			sourceTree = "<group>";
		};
		CB8B323A296C405600C48A9A /* UserView */ = {
			isa = PBXGroup;
			children = (
				CB8B323B296C407400C48A9A /* UserViewController.swift */,
				CB8B323C296C407400C48A9A /* UserViewController.xib */,
			);
			path = UserView;
			sourceTree = "<group>";
		};
		CBCA10C129699FA500B174DA = {
			isa = PBXGroup;
			children = (
				CBCA10CC29699FA500B174DA /* practica-fundamentos-ios-dbz */,
				CBCA10E329699FA600B174DA /* practica-fundamentos-ios-dbzTests */,
				CBCA10ED29699FA600B174DA /* practica-fundamentos-ios-dbzUITests */,
				CBCA10CB29699FA500B174DA /* Products */,
			);
			sourceTree = "<group>";
		};
		CBCA10CB29699FA500B174DA /* Products */ = {
			isa = PBXGroup;
			children = (
				CBCA10CA29699FA500B174DA /* practica-fundamentos-ios-dbz.app */,
				CBCA10E029699FA600B174DA /* practica-fundamentos-ios-dbzTests.xctest */,
				CBCA10EA29699FA600B174DA /* practica-fundamentos-ios-dbzUITests.xctest */,
			);
			name = Products;
			sourceTree = "<group>";
		};
		CBCA10CC29699FA500B174DA /* practica-fundamentos-ios-dbz */ = {
			isa = PBXGroup;
			children = (
				CBCA1105296C2B9600B174DA /* Models */,
				CBCA1104296C2B8C00B174DA /* Managers */,
				CBCA10FE2969A0D700B174DA /* App */,
				CBCA10FD2969A0CF00B174DA /* UI */,
				CBCA10D629699FA600B174DA /* Assets.xcassets */,
				CBCA10D829699FA600B174DA /* LaunchScreen.storyboard */,
				CBCA10DB29699FA600B174DA /* Info.plist */,
			);
			path = "practica-fundamentos-ios-dbz";
			sourceTree = "<group>";
		};
		CBCA10E329699FA600B174DA /* practica-fundamentos-ios-dbzTests */ = {
			isa = PBXGroup;
			children = (
				CBCA1129296C389A00B174DA /* HeroeTests.swift */,
				CBCA112A296C389A00B174DA /* TransformationTests.swift */,
				CBCA10E429699FA600B174DA /* practica_fundamentos_ios_dbzTests.swift */,
			);
			path = "practica-fundamentos-ios-dbzTests";
			sourceTree = "<group>";
		};
		CBCA10ED29699FA600B174DA /* practica-fundamentos-ios-dbzUITests */ = {
			isa = PBXGroup;
			children = (
				CBCA10EE29699FA600B174DA /* practica_fundamentos_ios_dbzUITests.swift */,
				CBCA10F029699FA600B174DA /* practica_fundamentos_ios_dbzUITestsLaunchTests.swift */,
			);
			path = "practica-fundamentos-ios-dbzUITests";
			sourceTree = "<group>";
		};
		CBCA10FD2969A0CF00B174DA /* UI */ = {
			isa = PBXGroup;
			children = (
				CB8B323A296C405600C48A9A /* UserView */,
				CB8B3230296C3ADC00C48A9A /* CollectionView */,
				CBCA111D296C386400B174DA /* HomeTabBar */,
				CBCA1117296C386400B174DA /* TableView */,
				CBCA111F296C386400B174DA /* TransformsView */,
				CBCA1112296C384100B174DA /* DetailsView */,
				CBCA10FF2969A0E700B174DA /* LoginView */,
			);
			path = UI;
			sourceTree = "<group>";
		};
		CBCA10FE2969A0D700B174DA /* App */ = {
			isa = PBXGroup;
			children = (
				CBCA10CD29699FA500B174DA /* AppDelegate.swift */,
				CBCA10CF29699FA500B174DA /* SceneDelegate.swift */,
			);
			path = App;
			sourceTree = "<group>";
		};
		CBCA10FF2969A0E700B174DA /* LoginView */ = {
			isa = PBXGroup;
			children = (
				CBCA11002969A11E00B174DA /* LoginViewController.swift */,
				CBCA11012969A11E00B174DA /* LoginViewController.xib */,
			);
			path = LoginView;
			sourceTree = "<group>";
		};
		CBCA1104296C2B8C00B174DA /* Managers */ = {
			isa = PBXGroup;
			children = (
				CBCA110E296C37F300B174DA /* LocalDataLayer.swift */,
				CBCA1106296C2F7F00B174DA /* NetworkLayer.swift */,
			);
			path = Managers;
			sourceTree = "<group>";
		};
		CBCA1105296C2B9600B174DA /* Models */ = {
			isa = PBXGroup;
			children = (
				CBCA1108296C329000B174DA /* Heroe.swift */,
				CBCA110A296C32C200B174DA /* Transformation.swift */,
			);
			path = Models;
			sourceTree = "<group>";
		};
		CBCA1112296C384100B174DA /* DetailsView */ = {
			isa = PBXGroup;
			children = (
				CBCA1113296C384100B174DA /* DetailsViewController.xib */,
				CBCA1114296C384100B174DA /* DetailsViewController.swift */,
			);
			name = DetailsView;
			path = ../../../../ejemplo_clase/pruebaDos/pruebaDos/UI/DetailsView;
			sourceTree = "<group>";
		};
		CBCA1117296C386400B174DA /* TableView */ = {
			isa = PBXGroup;
			children = (
				CBCA1118296C386400B174DA /* TableCell */,
				CBCA111B296C386400B174DA /* TableViewController.swift */,
				CBCA111C296C386400B174DA /* TableViewController.xib */,
			);
			name = TableView;
			path = ../../../../ejemplo_clase/pruebaDos/pruebaDos/UI/TableView;
			sourceTree = "<group>";
		};
		CBCA1118296C386400B174DA /* TableCell */ = {
			isa = PBXGroup;
			children = (
				CBCA1119296C386400B174DA /* TableCell.xib */,
				CBCA111A296C386400B174DA /* TableCell.swift */,
			);
			path = TableCell;
			sourceTree = "<group>";
		};
		CBCA111D296C386400B174DA /* HomeTabBar */ = {
			isa = PBXGroup;
			children = (
				CBCA111E296C386400B174DA /* HomeTabBarController.swift */,
			);
			name = HomeTabBar;
			path = ../../../../ejemplo_clase/pruebaDos/pruebaDos/UI/HomeTabBar;
			sourceTree = "<group>";
		};
		CBCA111F296C386400B174DA /* TransformsView */ = {
			isa = PBXGroup;
			children = (
				CBCA1120296C386400B174DA /* TransformsViewController.xib */,
				CBCA1121296C386400B174DA /* TransformsViewController.swift */,
			);
			name = TransformsView;
			path = ../../../../ejemplo_clase/pruebaDos/pruebaDos/UI/TransformsView;
			sourceTree = "<group>";
		};
/* End PBXGroup section */

/* Begin PBXNativeTarget section */
		CBCA10C929699FA500B174DA /* practica-fundamentos-ios-dbz */ = {
			isa = PBXNativeTarget;
			buildConfigurationList = CBCA10F429699FA600B174DA /* Build configuration list for PBXNativeTarget "practica-fundamentos-ios-dbz" */;
			buildPhases = (
				CBCA10C629699FA500B174DA /* Sources */,
				CBCA10C729699FA500B174DA /* Frameworks */,
				CBCA10C829699FA500B174DA /* Resources */,
			);
			buildRules = (
			);
			dependencies = (
			);
			name = "practica-fundamentos-ios-dbz";
			productName = "practica-fundamentos-ios-dbz";
			productReference = CBCA10CA29699FA500B174DA /* practica-fundamentos-ios-dbz.app */;
			productType = "com.apple.product-type.application";
		};
		CBCA10DF29699FA600B174DA /* practica-fundamentos-ios-dbzTests */ = {
			isa = PBXNativeTarget;
			buildConfigurationList = CBCA10F729699FA600B174DA /* Build configuration list for PBXNativeTarget "practica-fundamentos-ios-dbzTests" */;
			buildPhases = (
				CBCA10DC29699FA600B174DA /* Sources */,
				CBCA10DD29699FA600B174DA /* Frameworks */,
				CBCA10DE29699FA600B174DA /* Resources */,
			);
			buildRules = (
			);
			dependencies = (
				CBCA10E229699FA600B174DA /* PBXTargetDependency */,
			);
			name = "practica-fundamentos-ios-dbzTests";
			productName = "practica-fundamentos-ios-dbzTests";
			productReference = CBCA10E029699FA600B174DA /* practica-fundamentos-ios-dbzTests.xctest */;
			productType = "com.apple.product-type.bundle.unit-test";
		};
		CBCA10E929699FA600B174DA /* practica-fundamentos-ios-dbzUITests */ = {
			isa = PBXNativeTarget;
			buildConfigurationList = CBCA10FA29699FA600B174DA /* Build configuration list for PBXNativeTarget "practica-fundamentos-ios-dbzUITests" */;
			buildPhases = (
				CBCA10E629699FA600B174DA /* Sources */,
				CBCA10E729699FA600B174DA /* Frameworks */,
				CBCA10E829699FA600B174DA /* Resources */,
			);
			buildRules = (
			);
			dependencies = (
				CBCA10EC29699FA600B174DA /* PBXTargetDependency */,
			);
			name = "practica-fundamentos-ios-dbzUITests";
			productName = "practica-fundamentos-ios-dbzUITests";
			productReference = CBCA10EA29699FA600B174DA /* practica-fundamentos-ios-dbzUITests.xctest */;
			productType = "com.apple.product-type.bundle.ui-testing";
		};
/* End PBXNativeTarget section */

/* Begin PBXProject section */
		CBCA10C229699FA500B174DA /* Project object */ = {
			isa = PBXProject;
			attributes = {
				BuildIndependentTargetsInParallel = 1;
				LastSwiftUpdateCheck = 1420;
				LastUpgradeCheck = 1420;
				TargetAttributes = {
					CBCA10C929699FA500B174DA = {
						CreatedOnToolsVersion = 14.2;
					};
					CBCA10DF29699FA600B174DA = {
						CreatedOnToolsVersion = 14.2;
						TestTargetID = CBCA10C929699FA500B174DA;
					};
					CBCA10E929699FA600B174DA = {
						CreatedOnToolsVersion = 14.2;
						TestTargetID = CBCA10C929699FA500B174DA;
					};
				};
			};
			buildConfigurationList = CBCA10C529699FA500B174DA /* Build configuration list for PBXProject "practica-fundamentos-ios-dbz" */;
			compatibilityVersion = "Xcode 14.0";
			developmentRegion = en;
			hasScannedForEncodings = 0;
			knownRegions = (
				en,
				Base,
			);
			mainGroup = CBCA10C129699FA500B174DA;
			productRefGroup = CBCA10CB29699FA500B174DA /* Products */;
			projectDirPath = "";
			projectRoot = "";
			targets = (
				CBCA10C929699FA500B174DA /* practica-fundamentos-ios-dbz */,
				CBCA10DF29699FA600B174DA /* practica-fundamentos-ios-dbzTests */,
				CBCA10E929699FA600B174DA /* practica-fundamentos-ios-dbzUITests */,
			);
		};
/* End PBXProject section */

/* Begin PBXResourcesBuildPhase section */
		CBCA10C829699FA500B174DA /* Resources */ = {
			isa = PBXResourcesBuildPhase;
			buildActionMask = 2147483647;
			files = (
				CBCA1127296C386400B174DA /* TransformsViewController.xib in Resources */,
				CB8B323E296C407400C48A9A /* UserViewController.xib in Resources */,
				CBCA10DA29699FA600B174DA /* LaunchScreen.storyboard in Resources */,
				CBCA1115296C384100B174DA /* DetailsViewController.xib in Resources */,
				CBCA10D729699FA600B174DA /* Assets.xcassets in Resources */,
				CBCA1125296C386400B174DA /* TableViewController.xib in Resources */,
				CBCA11032969A11E00B174DA /* LoginViewController.xib in Resources */,
				CB8B3238296C3ADC00C48A9A /* CollectionViewController.xib in Resources */,
				CBCA1122296C386400B174DA /* TableCell.xib in Resources */,
				CB8B3237296C3ADC00C48A9A /* CollectionCell.xib in Resources */,
			);
			runOnlyForDeploymentPostprocessing = 0;
		};
		CBCA10DE29699FA600B174DA /* Resources */ = {
			isa = PBXResourcesBuildPhase;
			buildActionMask = 2147483647;
			files = (
			);
			runOnlyForDeploymentPostprocessing = 0;
		};
		CBCA10E829699FA600B174DA /* Resources */ = {
			isa = PBXResourcesBuildPhase;
			buildActionMask = 2147483647;
			files = (
			);
			runOnlyForDeploymentPostprocessing = 0;
		};
/* End PBXResourcesBuildPhase section */

/* Begin PBXSourcesBuildPhase section */
		CBCA10C629699FA500B174DA /* Sources */ = {
			isa = PBXSourcesBuildPhase;
			buildActionMask = 2147483647;
			files = (
				CBCA1123296C386400B174DA /* TableCell.swift in Sources */,
				CB8B323D296C407400C48A9A /* UserViewController.swift in Sources */,
				CBCA1107296C2F7F00B174DA /* NetworkLayer.swift in Sources */,
				CB8B3236296C3ADC00C48A9A /* CollectionCell.swift in Sources */,
				CBCA1126296C386400B174DA /* HomeTabBarController.swift in Sources */,
				CB8B3239296C3ADC00C48A9A /* CollectionViewController.swift in Sources */,
				CBCA1109296C329000B174DA /* Heroe.swift in Sources */,
				CBCA1124296C386400B174DA /* TableViewController.swift in Sources */,
				CBCA110F296C37F300B174DA /* LocalDataLayer.swift in Sources */,
				CBCA1116296C384100B174DA /* DetailsViewController.swift in Sources */,
				CBCA110B296C32C200B174DA /* Transformation.swift in Sources */,
				CBCA11022969A11E00B174DA /* LoginViewController.swift in Sources */,
				CBCA10CE29699FA500B174DA /* AppDelegate.swift in Sources */,
				CBCA10D029699FA500B174DA /* SceneDelegate.swift in Sources */,
				CBCA1128296C386400B174DA /* TransformsViewController.swift in Sources */,
			);
			runOnlyForDeploymentPostprocessing = 0;
		};
		CBCA10DC29699FA600B174DA /* Sources */ = {
			isa = PBXSourcesBuildPhase;
			buildActionMask = 2147483647;
			files = (
				CBCA112C296C389A00B174DA /* TransformationTests.swift in Sources */,
				CBCA10E529699FA600B174DA /* practica_fundamentos_ios_dbzTests.swift in Sources */,
				CBCA112B296C389A00B174DA /* HeroeTests.swift in Sources */,
			);
			runOnlyForDeploymentPostprocessing = 0;
		};
		CBCA10E629699FA600B174DA /* Sources */ = {
			isa = PBXSourcesBuildPhase;
			buildActionMask = 2147483647;
			files = (
				CBCA10EF29699FA600B174DA /* practica_fundamentos_ios_dbzUITests.swift in Sources */,
				CBCA10F129699FA600B174DA /* practica_fundamentos_ios_dbzUITestsLaunchTests.swift in Sources */,
			);
			runOnlyForDeploymentPostprocessing = 0;
		};
/* End PBXSourcesBuildPhase section */

/* Begin PBXTargetDependency section */
		CBCA10E229699FA600B174DA /* PBXTargetDependency */ = {
			isa = PBXTargetDependency;
			target = CBCA10C929699FA500B174DA /* practica-fundamentos-ios-dbz */;
			targetProxy = CBCA10E129699FA600B174DA /* PBXContainerItemProxy */;
		};
		CBCA10EC29699FA600B174DA /* PBXTargetDependency */ = {
			isa = PBXTargetDependency;
			target = CBCA10C929699FA500B174DA /* practica-fundamentos-ios-dbz */;
			targetProxy = CBCA10EB29699FA600B174DA /* PBXContainerItemProxy */;
		};
/* End PBXTargetDependency section */

/* Begin PBXVariantGroup section */
		CBCA10D829699FA600B174DA /* LaunchScreen.storyboard */ = {
			isa = PBXVariantGroup;
			children = (
				CBCA10D929699FA600B174DA /* Base */,
			);
			name = LaunchScreen.storyboard;
			sourceTree = "<group>";
		};
/* End PBXVariantGroup section */

/* Begin XCBuildConfiguration section */
		CBCA10F229699FA600B174DA /* Debug */ = {
			isa = XCBuildConfiguration;
			buildSettings = {
				ALWAYS_SEARCH_USER_PATHS = NO;
				CLANG_ANALYZER_NONNULL = YES;
				CLANG_ANALYZER_NUMBER_OBJECT_CONVERSION = YES_AGGRESSIVE;
				CLANG_CXX_LANGUAGE_STANDARD = "gnu++20";
				CLANG_ENABLE_MODULES = YES;
				CLANG_ENABLE_OBJC_ARC = YES;
				CLANG_ENABLE_OBJC_WEAK = YES;
				CLANG_WARN_BLOCK_CAPTURE_AUTORELEASING = YES;
				CLANG_WARN_BOOL_CONVERSION = YES;
				CLANG_WARN_COMMA = YES;
				CLANG_WARN_CONSTANT_CONVERSION = YES;
				CLANG_WARN_DEPRECATED_OBJC_IMPLEMENTATIONS = YES;
				CLANG_WARN_DIRECT_OBJC_ISA_USAGE = YES_ERROR;
				CLANG_WARN_DOCUMENTATION_COMMENTS = YES;
				CLANG_WARN_EMPTY_BODY = YES;
				CLANG_WARN_ENUM_CONVERSION = YES;
				CLANG_WARN_INFINITE_RECURSION = YES;
				CLANG_WARN_INT_CONVERSION = YES;
				CLANG_WARN_NON_LITERAL_NULL_CONVERSION = YES;
				CLANG_WARN_OBJC_IMPLICIT_RETAIN_SELF = YES;
				CLANG_WARN_OBJC_LITERAL_CONVERSION = YES;
				CLANG_WARN_OBJC_ROOT_CLASS = YES_ERROR;
				CLANG_WARN_QUOTED_INCLUDE_IN_FRAMEWORK_HEADER = YES;
				CLANG_WARN_RANGE_LOOP_ANALYSIS = YES;
				CLANG_WARN_STRICT_PROTOTYPES = YES;
				CLANG_WARN_SUSPICIOUS_MOVE = YES;
				CLANG_WARN_UNGUARDED_AVAILABILITY = YES_AGGRESSIVE;
				CLANG_WARN_UNREACHABLE_CODE = YES;
				CLANG_WARN__DUPLICATE_METHOD_MATCH = YES;
				COPY_PHASE_STRIP = NO;
				DEBUG_INFORMATION_FORMAT = dwarf;
				ENABLE_STRICT_OBJC_MSGSEND = YES;
				ENABLE_TESTABILITY = YES;
				GCC_C_LANGUAGE_STANDARD = gnu11;
				GCC_DYNAMIC_NO_PIC = NO;
				GCC_NO_COMMON_BLOCKS = YES;
				GCC_OPTIMIZATION_LEVEL = 0;
				GCC_PREPROCESSOR_DEFINITIONS = (
					"DEBUG=1",
					"$(inherited)",
				);
				GCC_WARN_64_TO_32_BIT_CONVERSION = YES;
				GCC_WARN_ABOUT_RETURN_TYPE = YES_ERROR;
				GCC_WARN_UNDECLARED_SELECTOR = YES;
				GCC_WARN_UNINITIALIZED_AUTOS = YES_AGGRESSIVE;
				GCC_WARN_UNUSED_FUNCTION = YES;
				GCC_WARN_UNUSED_VARIABLE = YES;
				IPHONEOS_DEPLOYMENT_TARGET = 16.2;
				MTL_ENABLE_DEBUG_INFO = INCLUDE_SOURCE;
				MTL_FAST_MATH = YES;
				ONLY_ACTIVE_ARCH = YES;
				SDKROOT = iphoneos;
				SWIFT_ACTIVE_COMPILATION_CONDITIONS = DEBUG;
				SWIFT_OPTIMIZATION_LEVEL = "-Onone";
			};
			name = Debug;
		};
		CBCA10F329699FA600B174DA /* Release */ = {
			isa = XCBuildConfiguration;
			buildSettings = {
				ALWAYS_SEARCH_USER_PATHS = NO;
				CLANG_ANALYZER_NONNULL = YES;
				CLANG_ANALYZER_NUMBER_OBJECT_CONVERSION = YES_AGGRESSIVE;
				CLANG_CXX_LANGUAGE_STANDARD = "gnu++20";
				CLANG_ENABLE_MODULES = YES;
				CLANG_ENABLE_OBJC_ARC = YES;
				CLANG_ENABLE_OBJC_WEAK = YES;
				CLANG_WARN_BLOCK_CAPTURE_AUTORELEASING = YES;
				CLANG_WARN_BOOL_CONVERSION = YES;
				CLANG_WARN_COMMA = YES;
				CLANG_WARN_CONSTANT_CONVERSION = YES;
				CLANG_WARN_DEPRECATED_OBJC_IMPLEMENTATIONS = YES;
				CLANG_WARN_DIRECT_OBJC_ISA_USAGE = YES_ERROR;
				CLANG_WARN_DOCUMENTATION_COMMENTS = YES;
				CLANG_WARN_EMPTY_BODY = YES;
				CLANG_WARN_ENUM_CONVERSION = YES;
				CLANG_WARN_INFINITE_RECURSION = YES;
				CLANG_WARN_INT_CONVERSION = YES;
				CLANG_WARN_NON_LITERAL_NULL_CONVERSION = YES;
				CLANG_WARN_OBJC_IMPLICIT_RETAIN_SELF = YES;
				CLANG_WARN_OBJC_LITERAL_CONVERSION = YES;
				CLANG_WARN_OBJC_ROOT_CLASS = YES_ERROR;
				CLANG_WARN_QUOTED_INCLUDE_IN_FRAMEWORK_HEADER = YES;
				CLANG_WARN_RANGE_LOOP_ANALYSIS = YES;
				CLANG_WARN_STRICT_PROTOTYPES = YES;
				CLANG_WARN_SUSPICIOUS_MOVE = YES;
				CLANG_WARN_UNGUARDED_AVAILABILITY = YES_AGGRESSIVE;
				CLANG_WARN_UNREACHABLE_CODE = YES;
				CLANG_WARN__DUPLICATE_METHOD_MATCH = YES;
				COPY_PHASE_STRIP = NO;
				DEBUG_INFORMATION_FORMAT = "dwarf-with-dsym";
				ENABLE_NS_ASSERTIONS = NO;
				ENABLE_STRICT_OBJC_MSGSEND = YES;
				GCC_C_LANGUAGE_STANDARD = gnu11;
				GCC_NO_COMMON_BLOCKS = YES;
				GCC_WARN_64_TO_32_BIT_CONVERSION = YES;
				GCC_WARN_ABOUT_RETURN_TYPE = YES_ERROR;
				GCC_WARN_UNDECLARED_SELECTOR = YES;
				GCC_WARN_UNINITIALIZED_AUTOS = YES_AGGRESSIVE;
				GCC_WARN_UNUSED_FUNCTION = YES;
				GCC_WARN_UNUSED_VARIABLE = YES;
				IPHONEOS_DEPLOYMENT_TARGET = 16.2;
				MTL_ENABLE_DEBUG_INFO = NO;
				MTL_FAST_MATH = YES;
				SDKROOT = iphoneos;
				SWIFT_COMPILATION_MODE = wholemodule;
				SWIFT_OPTIMIZATION_LEVEL = "-O";
				VALIDATE_PRODUCT = YES;
			};
			name = Release;
		};
		CBCA10F529699FA600B174DA /* Debug */ = {
			isa = XCBuildConfiguration;
			buildSettings = {
				ASSETCATALOG_COMPILER_APPICON_NAME = AppIcon;
				ASSETCATALOG_COMPILER_GLOBAL_ACCENT_COLOR_NAME = AccentColor;
				ASSETCATALOG_COMPILER_INCLUDE_ALL_APPICON_ASSETS = NO;
				CODE_SIGN_STYLE = Automatic;
				CURRENT_PROJECT_VERSION = 1;
				GENERATE_INFOPLIST_FILE = YES;
				INFOPLIST_FILE = "practica-fundamentos-ios-dbz/Info.plist";
				INFOPLIST_KEY_UIApplicationSupportsIndirectInputEvents = YES;
				INFOPLIST_KEY_UILaunchStoryboardName = LaunchScreen;
				INFOPLIST_KEY_UISupportedInterfaceOrientations_iPad = "UIInterfaceOrientationPortrait UIInterfaceOrientationPortraitUpsideDown UIInterfaceOrientationLandscapeLeft UIInterfaceOrientationLandscapeRight";
				INFOPLIST_KEY_UISupportedInterfaceOrientations_iPhone = "UIInterfaceOrientationPortrait UIInterfaceOrientationLandscapeLeft UIInterfaceOrientationLandscapeRight";
				LD_RUNPATH_SEARCH_PATHS = (
					"$(inherited)",
					"@executable_path/Frameworks",
				);
				MARKETING_VERSION = 1.0;
				PRODUCT_BUNDLE_IDENTIFIER = "pablo-gomez.practica-fundamentos-ios-dbz";
				PRODUCT_NAME = "$(TARGET_NAME)";
				SWIFT_EMIT_LOC_STRINGS = YES;
				SWIFT_VERSION = 5.0;
				TARGETED_DEVICE_FAMILY = "1,2";
			};
			name = Debug;
		};
		CBCA10F629699FA600B174DA /* Release */ = {
			isa = XCBuildConfiguration;
			buildSettings = {
				ASSETCATALOG_COMPILER_APPICON_NAME = AppIcon;
				"ASSETCATALOG_COMPILER_APPICON_NAME[sdk=iphoneos*]" = AppIcon;
				ASSETCATALOG_COMPILER_GLOBAL_ACCENT_COLOR_NAME = AccentColor;
				ASSETCATALOG_COMPILER_INCLUDE_ALL_APPICON_ASSETS = NO;
				CODE_SIGN_STYLE = Automatic;
				CURRENT_PROJECT_VERSION = 1;
				GENERATE_INFOPLIST_FILE = YES;
				INFOPLIST_FILE = "practica-fundamentos-ios-dbz/Info.plist";
				INFOPLIST_KEY_UIApplicationSupportsIndirectInputEvents = YES;
				INFOPLIST_KEY_UILaunchStoryboardName = LaunchScreen;
				INFOPLIST_KEY_UISupportedInterfaceOrientations_iPad = "UIInterfaceOrientationPortrait UIInterfaceOrientationPortraitUpsideDown UIInterfaceOrientationLandscapeLeft UIInterfaceOrientationLandscapeRight";
				INFOPLIST_KEY_UISupportedInterfaceOrientations_iPhone = "UIInterfaceOrientationPortrait UIInterfaceOrientationLandscapeLeft UIInterfaceOrientationLandscapeRight";
				LD_RUNPATH_SEARCH_PATHS = (
					"$(inherited)",
					"@executable_path/Frameworks",
				);
				MARKETING_VERSION = 1.0;
				PRODUCT_BUNDLE_IDENTIFIER = "pablo-gomez.practica-fundamentos-ios-dbz";
				PRODUCT_NAME = "$(TARGET_NAME)";
				SWIFT_EMIT_LOC_STRINGS = YES;
				SWIFT_VERSION = 5.0;
				TARGETED_DEVICE_FAMILY = "1,2";
			};
			name = Release;
		};
		CBCA10F829699FA600B174DA /* Debug */ = {
			isa = XCBuildConfiguration;
			buildSettings = {
				ALWAYS_EMBED_SWIFT_STANDARD_LIBRARIES = YES;
				BUNDLE_LOADER = "$(TEST_HOST)";
				CODE_SIGN_STYLE = Automatic;
				CURRENT_PROJECT_VERSION = 1;
				GENERATE_INFOPLIST_FILE = YES;
				IPHONEOS_DEPLOYMENT_TARGET = 16.2;
				MARKETING_VERSION = 1.0;
				PRODUCT_BUNDLE_IDENTIFIER = "pablo-gomez.practica-fundamentos-ios-dbzTests";
				PRODUCT_NAME = "$(TARGET_NAME)";
				SWIFT_EMIT_LOC_STRINGS = NO;
				SWIFT_VERSION = 5.0;
				TARGETED_DEVICE_FAMILY = "1,2";
				TEST_HOST = "$(BUILT_PRODUCTS_DIR)/practica-fundamentos-ios-dbz.app/$(BUNDLE_EXECUTABLE_FOLDER_PATH)/practica-fundamentos-ios-dbz";
			};
			name = Debug;
		};
		CBCA10F929699FA600B174DA /* Release */ = {
			isa = XCBuildConfiguration;
			buildSettings = {
				ALWAYS_EMBED_SWIFT_STANDARD_LIBRARIES = YES;
				BUNDLE_LOADER = "$(TEST_HOST)";
				CODE_SIGN_STYLE = Automatic;
				CURRENT_PROJECT_VERSION = 1;
				GENERATE_INFOPLIST_FILE = YES;
				IPHONEOS_DEPLOYMENT_TARGET = 16.2;
				MARKETING_VERSION = 1.0;
				PRODUCT_BUNDLE_IDENTIFIER = "pablo-gomez.practica-fundamentos-ios-dbzTests";
				PRODUCT_NAME = "$(TARGET_NAME)";
				SWIFT_EMIT_LOC_STRINGS = NO;
				SWIFT_VERSION = 5.0;
				TARGETED_DEVICE_FAMILY = "1,2";
				TEST_HOST = "$(BUILT_PRODUCTS_DIR)/practica-fundamentos-ios-dbz.app/$(BUNDLE_EXECUTABLE_FOLDER_PATH)/practica-fundamentos-ios-dbz";
			};
			name = Release;
		};
		CBCA10FB29699FA600B174DA /* Debug */ = {
			isa = XCBuildConfiguration;
			buildSettings = {
				ALWAYS_EMBED_SWIFT_STANDARD_LIBRARIES = YES;
				CODE_SIGN_STYLE = Automatic;
				CURRENT_PROJECT_VERSION = 1;
				GENERATE_INFOPLIST_FILE = YES;
				MARKETING_VERSION = 1.0;
				PRODUCT_BUNDLE_IDENTIFIER = "pablo-gomez.practica-fundamentos-ios-dbzUITests";
				PRODUCT_NAME = "$(TARGET_NAME)";
				SWIFT_EMIT_LOC_STRINGS = NO;
				SWIFT_VERSION = 5.0;
				TARGETED_DEVICE_FAMILY = "1,2";
				TEST_TARGET_NAME = "practica-fundamentos-ios-dbz";
			};
			name = Debug;
		};
		CBCA10FC29699FA600B174DA /* Release */ = {
			isa = XCBuildConfiguration;
			buildSettings = {
				ALWAYS_EMBED_SWIFT_STANDARD_LIBRARIES = YES;
				CODE_SIGN_STYLE = Automatic;
				CURRENT_PROJECT_VERSION = 1;
				GENERATE_INFOPLIST_FILE = YES;
				MARKETING_VERSION = 1.0;
				PRODUCT_BUNDLE_IDENTIFIER = "pablo-gomez.practica-fundamentos-ios-dbzUITests";
				PRODUCT_NAME = "$(TARGET_NAME)";
				SWIFT_EMIT_LOC_STRINGS = NO;
				SWIFT_VERSION = 5.0;
				TARGETED_DEVICE_FAMILY = "1,2";
				TEST_TARGET_NAME = "practica-fundamentos-ios-dbz";
			};
			name = Release;
		};
/* End XCBuildConfiguration section */

/* Begin XCConfigurationList section */
		CBCA10C529699FA500B174DA /* Build configuration list for PBXProject "practica-fundamentos-ios-dbz" */ = {
			isa = XCConfigurationList;
			buildConfigurations = (
				CBCA10F229699FA600B174DA /* Debug */,
				CBCA10F329699FA600B174DA /* Release */,
			);
			defaultConfigurationIsVisible = 0;
			defaultConfigurationName = Release;
		};
		CBCA10F429699FA600B174DA /* Build configuration list for PBXNativeTarget "practica-fundamentos-ios-dbz" */ = {
			isa = XCConfigurationList;
			buildConfigurations = (
				CBCA10F529699FA600B174DA /* Debug */,
				CBCA10F629699FA600B174DA /* Release */,
			);
			defaultConfigurationIsVisible = 0;
			defaultConfigurationName = Release;
		};
		CBCA10F729699FA600B174DA /* Build configuration list for PBXNativeTarget "practica-fundamentos-ios-dbzTests" */ = {
			isa = XCConfigurationList;
			buildConfigurations = (
				CBCA10F829699FA600B174DA /* Debug */,
				CBCA10F929699FA600B174DA /* Release */,
			);
			defaultConfigurationIsVisible = 0;
			defaultConfigurationName = Release;
		};
		CBCA10FA29699FA600B174DA /* Build configuration list for PBXNativeTarget "practica-fundamentos-ios-dbzUITests" */ = {
			isa = XCConfigurationList;
			buildConfigurations = (
				CBCA10FB29699FA600B174DA /* Debug */,
				CBCA10FC29699FA600B174DA /* Release */,
			);
			defaultConfigurationIsVisible = 0;
			defaultConfigurationName = Release;
		};
/* End XCConfigurationList section */
	};
	rootObject = CBCA10C229699FA500B174DA /* Project object */;
}
